{
  "nodes": {
    "nixpkgs": {
      "locked": {
        "lastModified": 1627714638,
        "narHash": "sha256-K50HjZJzRaFoxzGkbNwynsrKGQsinmUQE5HNSCNcO6Y=",
        "owner": "NixOS",
        "repo": "nixpkgs",
        "rev": "11c662074e2ae3dddd7e157918b6981de4ce7857",
        "type": "github"
      },
      "original": {
        "id": "nixpkgs",
        "ref": "nixos-21.05",
        "type": "indirect"
      }
    },
    "py-mahjong": {
      "flake": false,
      "locked": {
        "lastModified": 1603879352,
        "narHash": "sha256-jx+nM5YBjJcHZRM1zgLbOSQMnjT+tGtWqokr/OwOzW4=",
        "owner": "MahjongRepository",
        "repo": "mahjong",
        "rev": "83841b9d52b2cc6e14ca0d745246cd5b33450b51",
        "type": "github"
      },
      "original": {
        "owner": "MahjongRepository",
        "ref": "v1.1.11",
        "repo": "mahjong",
        "type": "github"
      }
    },
    "root": {
      "inputs": {
        "nixpkgs": "nixpkgs",
        "py-mahjong": "py-mahjong"
      }
    }
  },
  "root": "root",
  "version": 7
}
